#
# This file is autogenerated by pip-compile with Python 3.12
# by the following command:
#
#    pip-compile --output-file=requirements.lock requirements.txt
#
--find-links /usr/share/pip-wheels

alembic==1.16.5
    # via
    #   -r requirements.txt
    #   flask-migrate
annotated-types==0.7.0
    # via
    #   -r requirements.txt
    #   pydantic
anyio==4.11.0
    # via
    #   -r requirements.txt
    #   httpx
    #   openai
attrs==25.4.0
    # via
    #   -r requirements.txt
    #   hypothesis
    #   jsonschema
    #   referencing
bcrypt==4.0.1
    # via -r requirements.txt
bidict==0.23.1
    # via
    #   -r requirements.txt
    #   python-socketio
black==24.8.0
    # via -r requirements.txt
blinker==1.9.0
    # via
    #   -r requirements.txt
    #   flask
    #   flask-mail
build==1.3.0
    # via
    #   -r requirements.txt
    #   pip-tools
certifi==2025.10.5
    # via
    #   -r requirements.txt
    #   httpcore
    #   httpx
    #   requests
cffi==2.0.0
    # via
    #   -r requirements.txt
    #   cryptography
cfgv==3.4.0
    # via
    #   -r requirements.txt
    #   pre-commit
charset-normalizer==3.4.3
    # via
    #   -r requirements.txt
    #   pdfminer-six
    #   reportlab
    #   requests
click==8.3.0
    # via
    #   -r requirements.txt
    #   black
    #   flask
    #   pip-tools
coverage[toml]==7.11.3
    # via
    #   -r requirements.txt
    #   pytest-cov
cryptography==46.0.2
    # via
    #   -r requirements.txt
    #   pdfminer-six
deprecated==1.2.18
    # via
    #   -r requirements.txt
    #   limits
distlib==0.4.0
    # via
    #   -r requirements.txt
    #   virtualenv
distro==1.9.0
    # via
    #   -r requirements.txt
    #   openai
dnspython==2.8.0
    # via
    #   -r requirements.txt
    #   email-validator
email-validator==2.3.0
    # via -r requirements.txt
filelock==3.20.0
    # via
    #   -r requirements.txt
    #   virtualenv
flake8==7.1.1
    # via -r requirements.txt
flasgger==0.9.7.1
    # via -r requirements.txt
flask==3.1.2
    # via
    #   -r requirements.txt
    #   flasgger
    #   flask-cors
    #   flask-jwt-extended
    #   flask-limiter
    #   flask-login
    #   flask-mail
    #   flask-migrate
    #   flask-socketio
    #   flask-sqlalchemy
    #   flask-wtf
flask-cors==3.0.10
    # via -r requirements.txt
flask-jwt-extended==4.7.1
    # via -r requirements.txt
flask-limiter==3.12
    # via -r requirements.txt
flask-login==0.6.3
    # via -r requirements.txt
flask-mail==0.9.1
    # via -r requirements.txt
flask-migrate==4.0.4
    # via -r requirements.txt
flask-socketio==5.3.0
    # via -r requirements.txt
flask-sqlalchemy==3.1.1
    # via
    #   -r requirements.txt
    #   flask-migrate
flask-wtf==1.2.2
    # via -r requirements.txt
fpdf==1.7.2
    # via -r requirements.txt
freezegun==1.5.5
    # via -r requirements.txt
greenlet==3.2.4
    # via
    #   -r requirements.txt
    #   sqlalchemy
gunicorn==21.2.0
    # via -r requirements.txt
h11==0.16.0
    # via
    #   -r requirements.txt
    #   httpcore
    #   wsproto
httpcore==1.0.9
    # via
    #   -r requirements.txt
    #   httpx
httpx==0.28.1
    # via
    #   -r requirements.txt
    #   openai
hypothesis==6.142.4
    # via -r requirements.txt
identify==2.6.15
    # via
    #   -r requirements.txt
    #   pre-commit
idna==3.10
    # via
    #   -r requirements.txt
    #   anyio
    #   email-validator
    #   httpx
    #   requests
iniconfig==2.1.0
    # via
    #   -r requirements.txt
    #   pytest
isort==5.13.2
    # via -r requirements.txt
itsdangerous==2.2.0
    # via
    #   -r requirements.txt
    #   flask
    #   flask-wtf
jinja2==3.1.6
    # via
    #   -r requirements.txt
    #   flask
jiter==0.12.0
    # via
    #   -r requirements.txt
    #   openai
jsonschema==4.25.1
    # via
    #   -r requirements.txt
    #   flasgger
jsonschema-specifications==2025.9.1
    # via
    #   -r requirements.txt
    #   jsonschema
limits==5.6.0
    # via
    #   -r requirements.txt
    #   flask-limiter
mako==1.3.10
    # via
    #   -r requirements.txt
    #   alembic
markdown==3.10
    # via -r requirements.txt
markdown-it-py==4.0.0
    # via
    #   -r requirements.txt
    #   rich
markupsafe==3.0.3
    # via
    #   -r requirements.txt
    #   flask
    #   jinja2
    #   mako
    #   werkzeug
    #   wtforms
mccabe==0.7.0
    # via
    #   -r requirements.txt
    #   flake8
mdurl==0.1.2
    # via
    #   -r requirements.txt
    #   markdown-it-py
mistune==3.1.4
    # via
    #   -r requirements.txt
    #   flasgger
mypy==1.11.2
    # via -r requirements.txt
mypy-extensions==1.1.0
    # via
    #   -r requirements.txt
    #   black
    #   mypy
nodeenv==1.9.1
    # via
    #   -r requirements.txt
    #   pre-commit
nulltype==2.3.1
    # via
    #   -r requirements.txt
    #   plaid-python
numpy==2.3.4
    # via
    #   -r requirements.txt
    #   pandas
openai==2.8.0
    # via -r requirements.txt
ordered-set==4.1.0
    # via
    #   -r requirements.txt
    #   flask-limiter
packaging==25.0
    # via
    #   -r requirements.txt
    #   black
    #   build
    #   flasgger
    #   gunicorn
    #   limits
    #   pytest
pandas==2.3.3
    # via -r requirements.txt
pathspec==0.12.1
    # via
    #   -r requirements.txt
    #   black
pdfminer-six==20220524
    # via
    #   -r requirements.txt
    #   pdfplumber
pdfplumber==0.7.4
    # via -r requirements.txt
pillow==11.3.0
    # via
    #   -r requirements.txt
    #   pdfplumber
    #   reportlab
pip-tools==7.5.1
    # via -r requirements.txt
plaid-python==14.0.0
    # via -r requirements.txt
platformdirs==4.5.0
    # via
    #   -r requirements.txt
    #   black
    #   virtualenv
pluggy==1.6.0
    # via
    #   -r requirements.txt
    #   pytest
    #   pytest-cov
pre-commit==4.3.0
    # via -r requirements.txt
psycopg2-binary==2.9.11
    # via -r requirements.txt
pycodestyle==2.12.1
    # via
    #   -r requirements.txt
    #   flake8
pycparser==2.23
    # via
    #   -r requirements.txt
    #   cffi
pydantic==2.12.4
    # via
    #   -r requirements.txt
    #   openai
pydantic-core==2.41.5
    # via
    #   -r requirements.txt
    #   pydantic
pyflakes==3.2.0
    # via
    #   -r requirements.txt
    #   flake8
pygments==2.19.2
    # via
    #   -r requirements.txt
    #   pytest
    #   rich
pyjwt==2.10.1
    # via
    #   -r requirements.txt
    #   flask-jwt-extended
    #   redis
pymysql==1.1.0
    # via -r requirements.txt
pyotp==2.9.0
    # via -r requirements.txt
pyproject-hooks==1.2.0
    # via
    #   -r requirements.txt
    #   build
    #   pip-tools
pytest==8.4.2
    # via
    #   -r requirements.txt
    #   pytest-cov
pytest-cov==7.0.0
    # via -r requirements.txt
python-dateutil==2.9.0.post0
    # via
    #   -r requirements.txt
    #   freezegun
    #   pandas
    #   plaid-python
python-dotenv==1.2.1
    # via -r requirements.txt
python-engineio==4.12.3
    # via
    #   -r requirements.txt
    #   python-socketio
python-http-client==3.3.7
    # via
    #   -r requirements.txt
    #   sendgrid
python-socketio==5.14.1
    # via
    #   -r requirements.txt
    #   flask-socketio
pytz==2025.2
    # via
    #   -r requirements.txt
    #   pandas
pyyaml==6.0.3
    # via
    #   -r requirements.txt
    #   flasgger
    #   pre-commit
qrcode==8.2
    # via -r requirements.txt
redis==5.3.1
    # via -r requirements.txt
referencing==0.37.0
    # via
    #   -r requirements.txt
    #   jsonschema
    #   jsonschema-specifications
reportlab==4.4.4
    # via -r requirements.txt
requests==2.32.5
    # via -r requirements.txt
rich==13.9.4
    # via
    #   -r requirements.txt
    #   flask-limiter
rpds-py==0.27.1
    # via
    #   -r requirements.txt
    #   jsonschema
    #   referencing
ruff==0.8.4
    # via -r requirements.txt
sendgrid==6.10.0
    # via -r requirements.txt
simple-websocket==1.1.0
    # via
    #   -r requirements.txt
    #   python-engineio
six==1.17.0
    # via
    #   -r requirements.txt
    #   flasgger
    #   flask-cors
    #   python-dateutil
sniffio==1.3.1
    # via
    #   -r requirements.txt
    #   anyio
    #   openai
sortedcontainers==2.4.0
    # via
    #   -r requirements.txt
    #   hypothesis
sqlalchemy==2.0.44
    # via
    #   -r requirements.txt
    #   alembic
    #   flask-sqlalchemy
starkbank-ecdsa==2.2.0
    # via
    #   -r requirements.txt
    #   sendgrid
tabulate==0.9.0
    # via -r requirements.txt
tqdm==4.67.1
    # via
    #   -r requirements.txt
    #   openai
typing-extensions==4.15.0
    # via
    #   -r requirements.txt
    #   alembic
    #   anyio
    #   limits
    #   mypy
    #   openai
    #   pydantic
    #   pydantic-core
    #   referencing
    #   sqlalchemy
    #   typing-inspection
typing-inspection==0.4.2
    # via
    #   -r requirements.txt
    #   pydantic
tzdata==2025.2
    # via
    #   -r requirements.txt
    #   pandas
urllib3==2.5.0
    # via
    #   -r requirements.txt
    #   plaid-python
    #   requests
virtualenv==20.34.0
    # via
    #   -r requirements.txt
    #   pre-commit
wand==0.6.13
    # via
    #   -r requirements.txt
    #   pdfplumber
werkzeug==3.1.3
    # via
    #   -r requirements.txt
    #   flask
    #   flask-jwt-extended
    #   flask-login
wheel==0.45.1
    # via
    #   -r requirements.txt
    #   pip-tools
wrapt==1.17.3
    # via
    #   -r requirements.txt
    #   deprecated
wsproto==1.2.0
    # via
    #   -r requirements.txt
    #   simple-websocket
wtforms==3.2.1
    # via
    #   -r requirements.txt
    #   flask-wtf

# The following packages are considered to be unsafe in a requirements file:
# pip
# setuptools
